{
  "originHash" : "f55bc2ae108279ca2d760127cd46d1104da569f8dd5bd7af35534e54b2918e39",
  "pins" : [
    {
      "identity" : "easypeasy",
      "kind" : "remoteSourceControl",
      "location" : "https://github.com/nakiostudio/EasyPeasy.git",
      "state" : {
        "revision" : "b0028f63d47bcb32e37d8abb9cc5d5a781742a4e",
        "version" : "1.10.0"
      }
    },
    {
      "identity" : "mondrianlayout",
      "kind" : "remoteSourceControl",
      "location" : "https://github.com/FluidGroup/MondrianLayout.git",
      "state" : {
        "revision" : "5f00b13984fe08316fc5b5be06e2f41c14a3befa",
        "version" : "0.10.0"
      }
    },
    {
      "identity" : "stackscrollview",
      "kind" : "remoteSourceControl",
      "location" : "https://github.com/FluidGroup/StackScrollView",
      "state" : {
        "revision" : "c7d2950cdaee7f4aa0dfd1a1364d352f841c9954",
        "version" : "1.6.3"
      }
    },
    {
      "identity" : "swift-storybook",
      "kind" : "remoteSourceControl",
      "location" : "https://github.com/eure/swift-storybook",
      "state" : {
        "revision" : "3f5b9eda737f34682f3e5a9fd95a7e5d8ac94b43",
        "version" : "3.2.2"
      }
    }
  ],
  "version" : 3
}
